
Microsoft Visual Studio Solution File, Format Version 12.00
# Visual Studio Version 17
VisualStudioVersion = 17.3.32922.545
MinimumVisualStudioVersion = 10.0.40219.1
Project("{FAE04EC0-301F-11D3-BF4B-00C04F79EFBC}") = "NCOBank", "NCOBank\NCOBank.csproj", "{74DA7A4E-CC93-4312-826F-0C65D12FCEBB}"
EndProject
Global
	GlobalSection(SolutionConfigurationPlatforms) = preSolution
		Debug|Any CPU = Debug|Any CPU
		Release|Any CPU = Release|Any CPU
	EndGlobalSection
	GlobalSection(ProjectConfigurationPlatforms) = postSolution
		{74DA7A4E-CC93-4312-826F-0C65D12FCEBB}.Debug|Any CPU.ActiveCfg = Debug|Any CPU
		{74DA7A4E-CC93-4312-826F-0C65D12FCEBB}.Debug|Any CPU.Build.0 = Debug|Any CPU
		{74DA7A4E-CC93-4312-826F-0C65D12FCEBB}.Release|Any CPU.ActiveCfg = Release|Any CPU
		{74DA7A4E-CC93-4312-826F-0C65D12FCEBB}.Release|Any CPU.Build.0 = Release|Any CPU
	EndGlobalSection
	GlobalSection(SolutionProperties) = preSolution
		HideSolutionNode = FALSE
	EndGlobalSection
	GlobalSection(ExtensibilityGlobals) = postSolution
		SolutionGuid = {B5AA1539-5240-4C12-8533-8B9A05CAD35F}
	EndGlobalSection
EndGlobal
